<?xml version="1.0" encoding="utf-8"?>
<Project ToolsVersion="4.0" xmlns="http://schemas.microsoft.com/developer/msbuild/2003">
  <ItemGroup>
    <Filter Include="源文件">
      <UniqueIdentifier>{4FC737F1-C7A5-4376-A066-2A32D752A2FF}</UniqueIdentifier>
      <Extensions>cpp;c;cc;cxx;def;odl;idl;hpj;bat;asm;asmx</Extensions>
    </Filter>
    <Filter Include="头文件">
      <UniqueIdentifier>{93995380-89BD-4b04-88EB-625FBE52EBFB}</UniqueIdentifier>
      <Extensions>h;hh;hpp;hxx;hm;inl;inc;xsd</Extensions>
    </Filter>
    <Filter Include="资源文件">
      <UniqueIdentifier>{67DA6AB6-F800-4c08-8B7A-83BB121AAD01}</UniqueIdentifier>
      <Extensions>rc;ico;cur;bmp;dlg;rc2;rct;bin;rgs;gif;jpg;jpeg;jpe;resx;tiff;tif;png;wav;mfcribbon-ms</Extensions>
    </Filter>
  </ItemGroup>
  <ItemGroup>
    <None Include="..\..\Obj\STM32-FD-FLASHLED.htm" />
  </ItemGroup>
  <ItemGroup>
    <ClCompile Include="..\..\user\core_cm3.c">
      <Filter>源文件</Filter>
    </ClCompile>
    <ClCompile Include="..\..\user\main.c">
      <Filter>源文件</Filter>
    </ClCompile>
    <ClCompile Include="..\..\user\stm32f10x_it.c">
      <Filter>源文件</Filter>
    </ClCompile>
    <ClCompile Include="..\..\user\system_stm32f10x.c">
      <Filter>源文件</Filter>
    </ClCompile>
    <ClCompile Include="..\..\FWlib\SRC\misc.c">
      <Filter>源文件</Filter>
    </ClCompile>
    <ClCompile Include="..\..\FWlib\SRC\stm32f10x_adc.c">
      <Filter>源文件</Filter>
    </ClCompile>
    <ClCompile Include="..\..\FWlib\SRC\stm32f10x_bkp.c">
      <Filter>源文件</Filter>
    </ClCompile>
    <ClCompile Include="..\..\FWlib\SRC\stm32f10x_can.c">
      <Filter>源文件</Filter>
    </ClCompile>
    <ClCompile Include="..\..\FWlib\SRC\stm32f10x_crc.c">
      <Filter>源文件</Filter>
    </ClCompile>
    <ClCompile Include="..\..\FWlib\SRC\stm32f10x_dac.c">
      <Filter>源文件</Filter>
    </ClCompile>
    <ClCompile Include="..\..\FWlib\SRC\stm32f10x_dbgmcu.c">
      <Filter>源文件</Filter>
    </ClCompile>
    <ClCompile Include="..\..\FWlib\SRC\stm32f10x_dma.c">
      <Filter>源文件</Filter>
    </ClCompile>
    <ClCompile Include="..\..\FWlib\SRC\stm32f10x_exti.c">
      <Filter>源文件</Filter>
    </ClCompile>
    <ClCompile Include="..\..\FWlib\SRC\stm32f10x_flash.c">
      <Filter>源文件</Filter>
    </ClCompile>
    <ClCompile Include="..\..\FWlib\SRC\stm32f10x_fsmc.c">
      <Filter>源文件</Filter>
    </ClCompile>
    <ClCompile Include="..\..\FWlib\SRC\stm32f10x_gpio.c">
      <Filter>源文件</Filter>
    </ClCompile>
    <ClCompile Include="..\..\FWlib\SRC\stm32f10x_i2c.c">
      <Filter>源文件</Filter>
    </ClCompile>
    <ClCompile Include="..\..\FWlib\SRC\stm32f10x_iwdg.c">
      <Filter>源文件</Filter>
    </ClCompile>
    <ClCompile Include="..\..\FWlib\SRC\stm32f10x_pwr.c">
      <Filter>源文件</Filter>
    </ClCompile>
    <ClCompile Include="..\..\FWlib\SRC\stm32f10x_rcc.c">
      <Filter>源文件</Filter>
    </ClCompile>
    <ClCompile Include="..\..\FWlib\SRC\stm32f10x_rtc.c">
      <Filter>源文件</Filter>
    </ClCompile>
    <ClCompile Include="..\..\FWlib\SRC\stm32f10x_sdio.c">
      <Filter>源文件</Filter>
    </ClCompile>
    <ClCompile Include="..\..\FWlib\SRC\stm32f10x_spi.c">
      <Filter>源文件</Filter>
    </ClCompile>
    <ClCompile Include="..\..\FWlib\SRC\stm32f10x_tim.c">
      <Filter>源文件</Filter>
    </ClCompile>
    <ClCompile Include="..\..\FWlib\SRC\stm32f10x_usart.c">
      <Filter>源文件</Filter>
    </ClCompile>
    <ClCompile Include="..\..\FWlib\SRC\stm32f10x_wwdg.c">
      <Filter>源文件</Filter>
    </ClCompile>
    <ClCompile Include="..\..\FWlib\SRC\system_stm32f10x.c">
      <Filter>源文件</Filter>
    </ClCompile>
  </ItemGroup>
  <ItemGroup>
    <ClInclude Include="..\..\user\core_cm3.h">
      <Filter>头文件</Filter>
    </ClInclude>
    <ClInclude Include="..\..\user\platform_config.h">
      <Filter>头文件</Filter>
    </ClInclude>
    <ClInclude Include="..\..\user\stm32f10x.h">
      <Filter>头文件</Filter>
    </ClInclude>
    <ClInclude Include="..\..\user\stm32f10x_conf.h">
      <Filter>头文件</Filter>
    </ClInclude>
    <ClInclude Include="..\..\user\stm32f10x_it.h">
      <Filter>头文件</Filter>
    </ClInclude>
    <ClInclude Include="..\..\user\system_stm32f10x.h">
      <Filter>头文件</Filter>
    </ClInclude>
    <ClInclude Include="..\..\FWlib\inc\misc.h">
      <Filter>头文件</Filter>
    </ClInclude>
    <ClInclude Include="..\..\FWlib\inc\stm32f10x_adc.h">
      <Filter>头文件</Filter>
    </ClInclude>
    <ClInclude Include="..\..\FWlib\inc\stm32f10x_bkp.h">
      <Filter>头文件</Filter>
    </ClInclude>
    <ClInclude Include="..\..\FWlib\inc\stm32f10x_can.h">
      <Filter>头文件</Filter>
    </ClInclude>
    <ClInclude Include="..\..\FWlib\inc\stm32f10x_conf.h">
      <Filter>头文件</Filter>
    </ClInclude>
    <ClInclude Include="..\..\FWlib\inc\stm32f10x_crc.h">
      <Filter>头文件</Filter>
    </ClInclude>
    <ClInclude Include="..\..\FWlib\inc\stm32f10x_dac.h">
      <Filter>头文件</Filter>
    </ClInclude>
    <ClInclude Include="..\..\FWlib\inc\stm32f10x_dbgmcu.h">
      <Filter>头文件</Filter>
    </ClInclude>
    <ClInclude Include="..\..\FWlib\inc\stm32f10x_dma.h">
      <Filter>头文件</Filter>
    </ClInclude>
    <ClInclude Include="..\..\FWlib\inc\stm32f10x_exti.h">
      <Filter>头文件</Filter>
    </ClInclude>
    <ClInclude Include="..\..\FWlib\inc\stm32f10x_flash.h">
      <Filter>头文件</Filter>
    </ClInclude>
    <ClInclude Include="..\..\FWlib\inc\stm32f10x_fsmc.h">
      <Filter>头文件</Filter>
    </ClInclude>
    <ClInclude Include="..\..\FWlib\inc\stm32f10x_gpio.h">
      <Filter>头文件</Filter>
    </ClInclude>
    <ClInclude Include="..\..\FWlib\inc\stm32f10x_i2c.h">
      <Filter>头文件</Filter>
    </ClInclude>
    <ClInclude Include="..\..\FWlib\inc\stm32f10x_iwdg.h">
      <Filter>头文件</Filter>
    </ClInclude>
    <ClInclude Include="..\..\FWlib\inc\stm32f10x_pwr.h">
      <Filter>头文件</Filter>
    </ClInclude>
    <ClInclude Include="..\..\FWlib\inc\stm32f10x_rcc.h">
      <Filter>头文件</Filter>
    </ClInclude>
    <ClInclude Include="..\..\FWlib\inc\stm32f10x_rtc.h">
      <Filter>头文件</Filter>
    </ClInclude>
    <ClInclude Include="..\..\FWlib\inc\stm32f10x_sdio.h">
      <Filter>头文件</Filter>
    </ClInclude>
    <ClInclude Include="..\..\FWlib\inc\stm32f10x_spi.h">
      <Filter>头文件</Filter>
    </ClInclude>
    <ClInclude Include="..\..\FWlib\inc\stm32f10x_tim.h">
      <Filter>头文件</Filter>
    </ClInclude>
    <ClInclude Include="..\..\FWlib\inc\stm32f10x_usart.h">
      <Filter>头文件</Filter>
    </ClInclude>
    <ClInclude Include="..\..\FWlib\inc\stm32f10x_wwdg.h">
      <Filter>头文件</Filter>
    </ClInclude>
  </ItemGroup>
</Project>